
Microsoft Visual Studio Solution File, Format Version 12.00
# Visual Studio Version 17
VisualStudioVersion = 17.7.34031.279
MinimumVisualStudioVersion = 10.0.40219.1
Project("{FAE04EC0-301F-11D3-BF4B-00C04F79EFBC}") = "ExercicioFilmeApi", "ExercicioFilmeApi\ExercicioFilmeApi.csproj", "{498D8A23-79B3-4970-9307-4C31A1CC8706}"
EndProject
Global
	GlobalSection(SolutionConfigurationPlatforms) = preSolution
		Debug|Any CPU = Debug|Any CPU
		Release|Any CPU = Release|Any CPU
	EndGlobalSection
	GlobalSection(ProjectConfigurationPlatforms) = postSolution
		{498D8A23-79B3-4970-9307-4C31A1CC8706}.Debug|Any CPU.ActiveCfg = Debug|Any CPU
		{498D8A23-79B3-4970-9307-4C31A1CC8706}.Debug|Any CPU.Build.0 = Debug|Any CPU
		{498D8A23-79B3-4970-9307-4C31A1CC8706}.Release|Any CPU.ActiveCfg = Release|Any CPU
		{498D8A23-79B3-4970-9307-4C31A1CC8706}.Release|Any CPU.Build.0 = Release|Any CPU
	EndGlobalSection
	GlobalSection(SolutionProperties) = preSolution
		HideSolutionNode = FALSE
	EndGlobalSection
	GlobalSection(ExtensibilityGlobals) = postSolution
		SolutionGuid = {A1BADF60-02D1-4A1F-9443-5EBB867A08DD}
	EndGlobalSection
EndGlobal
