
Microsoft Visual Studio Solution File, Format Version 12.00
# Visual Studio Version 17
VisualStudioVersion = 17.7.34003.232
MinimumVisualStudioVersion = 10.0.40219.1
Project("{FAE04EC0-301F-11D3-BF4B-00C04F79EFBC}") = "Podcast", "Podcast\Podcast.csproj", "{74E83D75-30F0-49EF-B03B-3755B6638C9F}"
EndProject
Global
	GlobalSection(SolutionConfigurationPlatforms) = preSolution
		Debug|Any CPU = Debug|Any CPU
		Release|Any CPU = Release|Any CPU
	EndGlobalSection
	GlobalSection(ProjectConfigurationPlatforms) = postSolution
		{74E83D75-30F0-49EF-B03B-3755B6638C9F}.Debug|Any CPU.ActiveCfg = Debug|Any CPU
		{74E83D75-30F0-49EF-B03B-3755B6638C9F}.Debug|Any CPU.Build.0 = Debug|Any CPU
		{74E83D75-30F0-49EF-B03B-3755B6638C9F}.Release|Any CPU.ActiveCfg = Release|Any CPU
		{74E83D75-30F0-49EF-B03B-3755B6638C9F}.Release|Any CPU.Build.0 = Release|Any CPU
	EndGlobalSection
	GlobalSection(SolutionProperties) = preSolution
		HideSolutionNode = FALSE
	EndGlobalSection
	GlobalSection(ExtensibilityGlobals) = postSolution
		SolutionGuid = {2363CAE5-B885-4782-850A-9618589ADE3B}
	EndGlobalSection
EndGlobal
